
Microsoft Visual Studio Solution File, Format Version 12.00
# Visual Studio Version 17
VisualStudioVersion = 17.9.34622.214
MinimumVisualStudioVersion = 10.0.40219.1
Project("{FAE04EC0-301F-11D3-BF4B-00C04F79EFBC}") = "Client", "Client.csproj", "{22844A8E-03BF-45D8-AD6D-72B86643E2D9}"
EndProject
Global
	GlobalSection(SolutionConfigurationPlatforms) = preSolution
		Debug|Any CPU = Debug|Any CPU
		Release|Any CPU = Release|Any CPU
	EndGlobalSection
	GlobalSection(ProjectConfigurationPlatforms) = postSolution
		{22844A8E-03BF-45D8-AD6D-72B86643E2D9}.Debug|Any CPU.ActiveCfg = Debug|Any CPU
		{22844A8E-03BF-45D8-AD6D-72B86643E2D9}.Debug|Any CPU.Build.0 = Debug|Any CPU
		{22844A8E-03BF-45D8-AD6D-72B86643E2D9}.Release|Any CPU.ActiveCfg = Release|Any CPU
		{22844A8E-03BF-45D8-AD6D-72B86643E2D9}.Release|Any CPU.Build.0 = Release|Any CPU
	EndGlobalSection
	GlobalSection(SolutionProperties) = preSolution
		HideSolutionNode = FALSE
	EndGlobalSection
	GlobalSection(ExtensibilityGlobals) = postSolution
		SolutionGuid = {773D5AFE-6085-43FC-B6AE-4AB4B215AF68}
	EndGlobalSection
EndGlobal
